
Microsoft Visual Studio Solution File, Format Version 12.00
# Visual Studio Version 17
VisualStudioVersion = 17.0.31903.59
MinimumVisualStudioVersion = 10.0.40219.1
Project("{FAE04EC0-301F-11D3-BF4B-00C04F79EFBC}") = "IteraDisc.Dominio", "IteraDisc.Dominio\IteraDisc.Dominio.csproj", "{83396C9F-DA69-49DB-93C1-3F9807205176}"
EndProject
Project("{FAE04EC0-301F-11D3-BF4B-00C04F79EFBC}") = "IteraDisc.Repositorio", "IteraDisc.Repositorio\IteraDisc.Repositorio.csproj", "{6FB167CF-B46B-45A3-ACD0-AACBF00CC5E3}"
EndProject
Project("{FAE04EC0-301F-11D3-BF4B-00C04F79EFBC}") = "IteraDisc.Aplicacao", "IteraDisc.Aplicacao\IteraDisc.Aplicacao.csproj", "{A5B70378-4D20-4E6A-8E2E-5A8AA6A9947A}"
EndProject
Project("{FAE04EC0-301F-11D3-BF4B-00C04F79EFBC}") = "IteraDisc.Api", "IteraDisc.Api\IteraDisc.Api.csproj", "{CDC904DB-F1FC-4461-9807-5706C5917793}"
EndProject
Project("{FAE04EC0-301F-11D3-BF4B-00C04F79EFBC}") = "IteraDisc.Servicos", "IteraDisc.Servicos\IteraDisc.Servicos.csproj", "{FA246845-B95B-44D6-BF71-EC4C866DA0DC}"
EndProject
Global
	GlobalSection(SolutionConfigurationPlatforms) = preSolution
		Debug|Any CPU = Debug|Any CPU
		Release|Any CPU = Release|Any CPU
	EndGlobalSection
	GlobalSection(SolutionProperties) = preSolution
		HideSolutionNode = FALSE
	EndGlobalSection
	GlobalSection(ProjectConfigurationPlatforms) = postSolution
		{83396C9F-DA69-49DB-93C1-3F9807205176}.Debug|Any CPU.ActiveCfg = Debug|Any CPU
		{83396C9F-DA69-49DB-93C1-3F9807205176}.Debug|Any CPU.Build.0 = Debug|Any CPU
		{83396C9F-DA69-49DB-93C1-3F9807205176}.Release|Any CPU.ActiveCfg = Release|Any CPU
		{83396C9F-DA69-49DB-93C1-3F9807205176}.Release|Any CPU.Build.0 = Release|Any CPU
		{6FB167CF-B46B-45A3-ACD0-AACBF00CC5E3}.Debug|Any CPU.ActiveCfg = Debug|Any CPU
		{6FB167CF-B46B-45A3-ACD0-AACBF00CC5E3}.Debug|Any CPU.Build.0 = Debug|Any CPU
		{6FB167CF-B46B-45A3-ACD0-AACBF00CC5E3}.Release|Any CPU.ActiveCfg = Release|Any CPU
		{6FB167CF-B46B-45A3-ACD0-AACBF00CC5E3}.Release|Any CPU.Build.0 = Release|Any CPU
		{A5B70378-4D20-4E6A-8E2E-5A8AA6A9947A}.Debug|Any CPU.ActiveCfg = Debug|Any CPU
		{A5B70378-4D20-4E6A-8E2E-5A8AA6A9947A}.Debug|Any CPU.Build.0 = Debug|Any CPU
		{A5B70378-4D20-4E6A-8E2E-5A8AA6A9947A}.Release|Any CPU.ActiveCfg = Release|Any CPU
		{A5B70378-4D20-4E6A-8E2E-5A8AA6A9947A}.Release|Any CPU.Build.0 = Release|Any CPU
		{CDC904DB-F1FC-4461-9807-5706C5917793}.Debug|Any CPU.ActiveCfg = Debug|Any CPU
		{CDC904DB-F1FC-4461-9807-5706C5917793}.Debug|Any CPU.Build.0 = Debug|Any CPU
		{CDC904DB-F1FC-4461-9807-5706C5917793}.Release|Any CPU.ActiveCfg = Release|Any CPU
		{CDC904DB-F1FC-4461-9807-5706C5917793}.Release|Any CPU.Build.0 = Release|Any CPU
		{FA246845-B95B-44D6-BF71-EC4C866DA0DC}.Debug|Any CPU.ActiveCfg = Debug|Any CPU
		{FA246845-B95B-44D6-BF71-EC4C866DA0DC}.Debug|Any CPU.Build.0 = Debug|Any CPU
		{FA246845-B95B-44D6-BF71-EC4C866DA0DC}.Release|Any CPU.ActiveCfg = Release|Any CPU
		{FA246845-B95B-44D6-BF71-EC4C866DA0DC}.Release|Any CPU.Build.0 = Release|Any CPU
	EndGlobalSection
EndGlobal
